
Microsoft Visual Studio Solution File, Format Version 12.00
# Visual Studio Version 17
VisualStudioVersion = 17.5.002.0
MinimumVisualStudioVersion = 10.0.40219.1
Project("{2150E333-8FDC-42A3-9474-1A3956D46DE8}") = "csharp-prep", "csharp-prep", "{398A09DC-F93F-4499-8559-E5790FC4456F}"
EndProject
Project("{9A19103F-16F7-4668-BE54-9A1E7A4F7556}") = "Prep1", "csharp-prep\Prep1\Prep1.csproj", "{0BF64A84-564F-4AB7-85A9-A676A93095D1}"
EndProject
Project("{9A19103F-16F7-4668-BE54-9A1E7A4F7556}") = "Prep2", "csharp-prep\Prep2\Prep2.csproj", "{D5D3BC37-5EB1-4EC5-AC0E-A008F57345F8}"
EndProject
Project("{9A19103F-16F7-4668-BE54-9A1E7A4F7556}") = "Prep3", "csharp-prep\Prep3\Prep3.csproj", "{33C07795-3F57-4187-A147-55C6AC860AD9}"
EndProject
Project("{9A19103F-16F7-4668-BE54-9A1E7A4F7556}") = "Prep4", "csharp-prep\Prep4\Prep4.csproj", "{36CEEBEE-FDCD-4B46-8E35-727EAC7066DE}"
EndProject
Project("{9A19103F-16F7-4668-BE54-9A1E7A4F7556}") = "Prep5", "csharp-prep\Prep5\Prep5.csproj", "{2D9BFC3D-8438-4379-B7BE-54D373373F16}"
EndProject
Project("{2150E333-8FDC-42A3-9474-1A3956D46DE8}") = "final", "final", "{C3E6162C-F403-405B-A1F6-892BA3DF8305}"
EndProject
Project("{9A19103F-16F7-4668-BE54-9A1E7A4F7556}") = "FinalProject", "final\FinalProject\FinalProject.csproj", "{BFD3F238-9666-46EB-9B77-157966BEA04F}"
EndProject
Project("{9A19103F-16F7-4668-BE54-9A1E7A4F7556}") = "Foundation1", "final\Foundation1\Foundation1.csproj", "{3C85D5C0-A448-4F9F-AE6F-D52770E3E9F2}"
EndProject
Project("{9A19103F-16F7-4668-BE54-9A1E7A4F7556}") = "Foundation2", "final\Foundation2\Foundation2.csproj", "{ECD48BFA-5FD1-4A34-93B8-4B144241B72F}"
EndProject
Project("{9A19103F-16F7-4668-BE54-9A1E7A4F7556}") = "Foundation3", "final\Foundation3\Foundation3.csproj", "{52E9424B-ADA6-48BD-980E-8E5181C99F7C}"
EndProject
Project("{9A19103F-16F7-4668-BE54-9A1E7A4F7556}") = "Foundation4", "final\Foundation4\Foundation4.csproj", "{3D24D4B2-81A4-4514-B1B9-4355E82C2E68}"
EndProject
Project("{2150E333-8FDC-42A3-9474-1A3956D46DE8}") = "prepare", "prepare", "{6DF8E515-25B3-4456-96C3-94E38186B2E1}"
EndProject
Project("{9A19103F-16F7-4668-BE54-9A1E7A4F7556}") = "Learning02", "prepare\Learning02\Learning02.csproj", "{4EB23CF1-5395-41F4-843B-97A7F1ED3205}"
EndProject
Project("{9A19103F-16F7-4668-BE54-9A1E7A4F7556}") = "Learning03", "prepare\Learning03\Learning03.csproj", "{FCD0E0DE-7528-49D5-A1D3-A32595C8900D}"
EndProject
Project("{9A19103F-16F7-4668-BE54-9A1E7A4F7556}") = "Learning04", "prepare\Learning04\Learning04.csproj", "{FB7DA444-6CDB-46DA-9A5A-E62A30B83BF6}"
EndProject
Project("{9A19103F-16F7-4668-BE54-9A1E7A4F7556}") = "Learning05", "prepare\Learning05\Learning05.csproj", "{AD080E6C-E206-450B-8098-A538D947F41F}"
EndProject
Project("{2150E333-8FDC-42A3-9474-1A3956D46DE8}") = "prove", "prove", "{031FB03D-16CE-47E1-8E12-E11FAF8DF219}"
EndProject
Project("{9A19103F-16F7-4668-BE54-9A1E7A4F7556}") = "Develop02", "prove\Develop02\Develop02.csproj", "{EE5CC316-DB77-47C6-B306-3C6F7CB52DB9}"
EndProject
Project("{9A19103F-16F7-4668-BE54-9A1E7A4F7556}") = "Develop03", "prove\Develop03\Develop03.csproj", "{4660F01A-67AD-471B-B96F-56510B421207}"
EndProject
Project("{9A19103F-16F7-4668-BE54-9A1E7A4F7556}") = "Develop04", "prove\Develop04\Develop04.csproj", "{82D05FE1-D9D3-4BDE-B23C-7220ECD3F065}"
EndProject
Project("{9A19103F-16F7-4668-BE54-9A1E7A4F7556}") = "Develop05", "prove\Develop05\Develop05.csproj", "{E5A65C86-1264-4986-9DA9-677C8455E9E4}"
EndProject
Project("{2150E333-8FDC-42A3-9474-1A3956D46DE8}") = "sandbox", "sandbox", "{2945C972-AB95-40E7-9F49-2693BC59F792}"
EndProject
Project("{9A19103F-16F7-4668-BE54-9A1E7A4F7556}") = "Sandbox", "sandbox\Sandbox\Sandbox.csproj", "{BC8221DD-EFB8-4E4A-9E39-0FF3794C6AB7}"
EndProject
Global
	GlobalSection(SolutionConfigurationPlatforms) = preSolution
		Debug|Any CPU = Debug|Any CPU
		Release|Any CPU = Release|Any CPU
	EndGlobalSection
	GlobalSection(ProjectConfigurationPlatforms) = postSolution
		{0BF64A84-564F-4AB7-85A9-A676A93095D1}.Debug|Any CPU.ActiveCfg = Debug|Any CPU
		{0BF64A84-564F-4AB7-85A9-A676A93095D1}.Debug|Any CPU.Build.0 = Debug|Any CPU
		{0BF64A84-564F-4AB7-85A9-A676A93095D1}.Release|Any CPU.ActiveCfg = Release|Any CPU
		{0BF64A84-564F-4AB7-85A9-A676A93095D1}.Release|Any CPU.Build.0 = Release|Any CPU
		{D5D3BC37-5EB1-4EC5-AC0E-A008F57345F8}.Debug|Any CPU.ActiveCfg = Debug|Any CPU
		{D5D3BC37-5EB1-4EC5-AC0E-A008F57345F8}.Debug|Any CPU.Build.0 = Debug|Any CPU
		{D5D3BC37-5EB1-4EC5-AC0E-A008F57345F8}.Release|Any CPU.ActiveCfg = Release|Any CPU
		{D5D3BC37-5EB1-4EC5-AC0E-A008F57345F8}.Release|Any CPU.Build.0 = Release|Any CPU
		{33C07795-3F57-4187-A147-55C6AC860AD9}.Debug|Any CPU.ActiveCfg = Debug|Any CPU
		{33C07795-3F57-4187-A147-55C6AC860AD9}.Debug|Any CPU.Build.0 = Debug|Any CPU
		{33C07795-3F57-4187-A147-55C6AC860AD9}.Release|Any CPU.ActiveCfg = Release|Any CPU
		{33C07795-3F57-4187-A147-55C6AC860AD9}.Release|Any CPU.Build.0 = Release|Any CPU
		{36CEEBEE-FDCD-4B46-8E35-727EAC7066DE}.Debug|Any CPU.ActiveCfg = Debug|Any CPU
		{36CEEBEE-FDCD-4B46-8E35-727EAC7066DE}.Debug|Any CPU.Build.0 = Debug|Any CPU
		{36CEEBEE-FDCD-4B46-8E35-727EAC7066DE}.Release|Any CPU.ActiveCfg = Release|Any CPU
		{36CEEBEE-FDCD-4B46-8E35-727EAC7066DE}.Release|Any CPU.Build.0 = Release|Any CPU
		{2D9BFC3D-8438-4379-B7BE-54D373373F16}.Debug|Any CPU.ActiveCfg = Debug|Any CPU
		{2D9BFC3D-8438-4379-B7BE-54D373373F16}.Debug|Any CPU.Build.0 = Debug|Any CPU
		{2D9BFC3D-8438-4379-B7BE-54D373373F16}.Release|Any CPU.ActiveCfg = Release|Any CPU
		{2D9BFC3D-8438-4379-B7BE-54D373373F16}.Release|Any CPU.Build.0 = Release|Any CPU
		{BFD3F238-9666-46EB-9B77-157966BEA04F}.Debug|Any CPU.ActiveCfg = Debug|Any CPU
		{BFD3F238-9666-46EB-9B77-157966BEA04F}.Debug|Any CPU.Build.0 = Debug|Any CPU
		{BFD3F238-9666-46EB-9B77-157966BEA04F}.Release|Any CPU.ActiveCfg = Release|Any CPU
		{BFD3F238-9666-46EB-9B77-157966BEA04F}.Release|Any CPU.Build.0 = Release|Any CPU
		{3C85D5C0-A448-4F9F-AE6F-D52770E3E9F2}.Debug|Any CPU.ActiveCfg = Debug|Any CPU
		{3C85D5C0-A448-4F9F-AE6F-D52770E3E9F2}.Debug|Any CPU.Build.0 = Debug|Any CPU
		{3C85D5C0-A448-4F9F-AE6F-D52770E3E9F2}.Release|Any CPU.ActiveCfg = Release|Any CPU
		{3C85D5C0-A448-4F9F-AE6F-D52770E3E9F2}.Release|Any CPU.Build.0 = Release|Any CPU
		{ECD48BFA-5FD1-4A34-93B8-4B144241B72F}.Debug|Any CPU.ActiveCfg = Debug|Any CPU
		{ECD48BFA-5FD1-4A34-93B8-4B144241B72F}.Debug|Any CPU.Build.0 = Debug|Any CPU
		{ECD48BFA-5FD1-4A34-93B8-4B144241B72F}.Release|Any CPU.ActiveCfg = Release|Any CPU
		{ECD48BFA-5FD1-4A34-93B8-4B144241B72F}.Release|Any CPU.Build.0 = Release|Any CPU
		{52E9424B-ADA6-48BD-980E-8E5181C99F7C}.Debug|Any CPU.ActiveCfg = Debug|Any CPU
		{52E9424B-ADA6-48BD-980E-8E5181C99F7C}.Debug|Any CPU.Build.0 = Debug|Any CPU
		{52E9424B-ADA6-48BD-980E-8E5181C99F7C}.Release|Any CPU.ActiveCfg = Release|Any CPU
		{52E9424B-ADA6-48BD-980E-8E5181C99F7C}.Release|Any CPU.Build.0 = Release|Any CPU
		{3D24D4B2-81A4-4514-B1B9-4355E82C2E68}.Debug|Any CPU.ActiveCfg = Debug|Any CPU
		{3D24D4B2-81A4-4514-B1B9-4355E82C2E68}.Debug|Any CPU.Build.0 = Debug|Any CPU
		{3D24D4B2-81A4-4514-B1B9-4355E82C2E68}.Release|Any CPU.ActiveCfg = Release|Any CPU
		{3D24D4B2-81A4-4514-B1B9-4355E82C2E68}.Release|Any CPU.Build.0 = Release|Any CPU
		{4EB23CF1-5395-41F4-843B-97A7F1ED3205}.Debug|Any CPU.ActiveCfg = Debug|Any CPU
		{4EB23CF1-5395-41F4-843B-97A7F1ED3205}.Debug|Any CPU.Build.0 = Debug|Any CPU
		{4EB23CF1-5395-41F4-843B-97A7F1ED3205}.Release|Any CPU.ActiveCfg = Release|Any CPU
		{4EB23CF1-5395-41F4-843B-97A7F1ED3205}.Release|Any CPU.Build.0 = Release|Any CPU
		{FCD0E0DE-7528-49D5-A1D3-A32595C8900D}.Debug|Any CPU.ActiveCfg = Debug|Any CPU
		{FCD0E0DE-7528-49D5-A1D3-A32595C8900D}.Debug|Any CPU.Build.0 = Debug|Any CPU
		{FCD0E0DE-7528-49D5-A1D3-A32595C8900D}.Release|Any CPU.ActiveCfg = Release|Any CPU
		{FCD0E0DE-7528-49D5-A1D3-A32595C8900D}.Release|Any CPU.Build.0 = Release|Any CPU
		{FB7DA444-6CDB-46DA-9A5A-E62A30B83BF6}.Debug|Any CPU.ActiveCfg = Debug|Any CPU
		{FB7DA444-6CDB-46DA-9A5A-E62A30B83BF6}.Debug|Any CPU.Build.0 = Debug|Any CPU
		{FB7DA444-6CDB-46DA-9A5A-E62A30B83BF6}.Release|Any CPU.ActiveCfg = Release|Any CPU
		{FB7DA444-6CDB-46DA-9A5A-E62A30B83BF6}.Release|Any CPU.Build.0 = Release|Any CPU
		{AD080E6C-E206-450B-8098-A538D947F41F}.Debug|Any CPU.ActiveCfg = Debug|Any CPU
		{AD080E6C-E206-450B-8098-A538D947F41F}.Debug|Any CPU.Build.0 = Debug|Any CPU
		{AD080E6C-E206-450B-8098-A538D947F41F}.Release|Any CPU.ActiveCfg = Release|Any CPU
		{AD080E6C-E206-450B-8098-A538D947F41F}.Release|Any CPU.Build.0 = Release|Any CPU
		{EE5CC316-DB77-47C6-B306-3C6F7CB52DB9}.Debug|Any CPU.ActiveCfg = Debug|Any CPU
		{EE5CC316-DB77-47C6-B306-3C6F7CB52DB9}.Debug|Any CPU.Build.0 = Debug|Any CPU
		{EE5CC316-DB77-47C6-B306-3C6F7CB52DB9}.Release|Any CPU.ActiveCfg = Release|Any CPU
		{EE5CC316-DB77-47C6-B306-3C6F7CB52DB9}.Release|Any CPU.Build.0 = Release|Any CPU
		{4660F01A-67AD-471B-B96F-56510B421207}.Debug|Any CPU.ActiveCfg = Debug|Any CPU
		{4660F01A-67AD-471B-B96F-56510B421207}.Debug|Any CPU.Build.0 = Debug|Any CPU
		{4660F01A-67AD-471B-B96F-56510B421207}.Release|Any CPU.ActiveCfg = Release|Any CPU
		{4660F01A-67AD-471B-B96F-56510B421207}.Release|Any CPU.Build.0 = Release|Any CPU
		{82D05FE1-D9D3-4BDE-B23C-7220ECD3F065}.Debug|Any CPU.ActiveCfg = Debug|Any CPU
		{82D05FE1-D9D3-4BDE-B23C-7220ECD3F065}.Debug|Any CPU.Build.0 = Debug|Any CPU
		{82D05FE1-D9D3-4BDE-B23C-7220ECD3F065}.Release|Any CPU.ActiveCfg = Release|Any CPU
		{82D05FE1-D9D3-4BDE-B23C-7220ECD3F065}.Release|Any CPU.Build.0 = Release|Any CPU
		{E5A65C86-1264-4986-9DA9-677C8455E9E4}.Debug|Any CPU.ActiveCfg = Debug|Any CPU
		{E5A65C86-1264-4986-9DA9-677C8455E9E4}.Debug|Any CPU.Build.0 = Debug|Any CPU
		{E5A65C86-1264-4986-9DA9-677C8455E9E4}.Release|Any CPU.ActiveCfg = Release|Any CPU
		{E5A65C86-1264-4986-9DA9-677C8455E9E4}.Release|Any CPU.Build.0 = Release|Any CPU
		{BC8221DD-EFB8-4E4A-9E39-0FF3794C6AB7}.Debug|Any CPU.ActiveCfg = Debug|Any CPU
		{BC8221DD-EFB8-4E4A-9E39-0FF3794C6AB7}.Debug|Any CPU.Build.0 = Debug|Any CPU
		{BC8221DD-EFB8-4E4A-9E39-0FF3794C6AB7}.Release|Any CPU.ActiveCfg = Release|Any CPU
		{BC8221DD-EFB8-4E4A-9E39-0FF3794C6AB7}.Release|Any CPU.Build.0 = Release|Any CPU
	EndGlobalSection
	GlobalSection(SolutionProperties) = preSolution
		HideSolutionNode = FALSE
	EndGlobalSection
	GlobalSection(NestedProjects) = preSolution
		{0BF64A84-564F-4AB7-85A9-A676A93095D1} = {398A09DC-F93F-4499-8559-E5790FC4456F}
		{D5D3BC37-5EB1-4EC5-AC0E-A008F57345F8} = {398A09DC-F93F-4499-8559-E5790FC4456F}
		{33C07795-3F57-4187-A147-55C6AC860AD9} = {398A09DC-F93F-4499-8559-E5790FC4456F}
		{36CEEBEE-FDCD-4B46-8E35-727EAC7066DE} = {398A09DC-F93F-4499-8559-E5790FC4456F}
		{2D9BFC3D-8438-4379-B7BE-54D373373F16} = {398A09DC-F93F-4499-8559-E5790FC4456F}
		{BFD3F238-9666-46EB-9B77-157966BEA04F} = {C3E6162C-F403-405B-A1F6-892BA3DF8305}
		{3C85D5C0-A448-4F9F-AE6F-D52770E3E9F2} = {C3E6162C-F403-405B-A1F6-892BA3DF8305}
		{ECD48BFA-5FD1-4A34-93B8-4B144241B72F} = {C3E6162C-F403-405B-A1F6-892BA3DF8305}
		{52E9424B-ADA6-48BD-980E-8E5181C99F7C} = {C3E6162C-F403-405B-A1F6-892BA3DF8305}
		{3D24D4B2-81A4-4514-B1B9-4355E82C2E68} = {C3E6162C-F403-405B-A1F6-892BA3DF8305}
		{4EB23CF1-5395-41F4-843B-97A7F1ED3205} = {6DF8E515-25B3-4456-96C3-94E38186B2E1}
		{FCD0E0DE-7528-49D5-A1D3-A32595C8900D} = {6DF8E515-25B3-4456-96C3-94E38186B2E1}
		{FB7DA444-6CDB-46DA-9A5A-E62A30B83BF6} = {6DF8E515-25B3-4456-96C3-94E38186B2E1}
		{AD080E6C-E206-450B-8098-A538D947F41F} = {6DF8E515-25B3-4456-96C3-94E38186B2E1}
		{EE5CC316-DB77-47C6-B306-3C6F7CB52DB9} = {031FB03D-16CE-47E1-8E12-E11FAF8DF219}
		{4660F01A-67AD-471B-B96F-56510B421207} = {031FB03D-16CE-47E1-8E12-E11FAF8DF219}
		{82D05FE1-D9D3-4BDE-B23C-7220ECD3F065} = {031FB03D-16CE-47E1-8E12-E11FAF8DF219}
		{E5A65C86-1264-4986-9DA9-677C8455E9E4} = {031FB03D-16CE-47E1-8E12-E11FAF8DF219}
		{BC8221DD-EFB8-4E4A-9E39-0FF3794C6AB7} = {2945C972-AB95-40E7-9F49-2693BC59F792}
	EndGlobalSection
	GlobalSection(ExtensibilityGlobals) = postSolution
		SolutionGuid = {891563AE-DB65-4DD5-9441-815FB2155D0A}
	EndGlobalSection
EndGlobal
